
Microsoft Visual Studio Solution File, Format Version 12.00
# Visual Studio Version 16
VisualStudioVersion = 16.0.31911.196
MinimumVisualStudioVersion = 10.0.40219.1
Project("{FAE04EC0-301F-11D3-BF4B-00C04F79EFBC}") = "Task2", "Task2\Task2.csproj", "{725E8361-4689-40C8-AC80-152403A0F42F}"
EndProject
Global
	GlobalSection(SolutionConfigurationPlatforms) = preSolution
		Debug|Any CPU = Debug|Any CPU
		Release|Any CPU = Release|Any CPU
	EndGlobalSection
	GlobalSection(ProjectConfigurationPlatforms) = postSolution
		{725E8361-4689-40C8-AC80-152403A0F42F}.Debug|Any CPU.ActiveCfg = Debug|Any CPU
		{725E8361-4689-40C8-AC80-152403A0F42F}.Debug|Any CPU.Build.0 = Debug|Any CPU
		{725E8361-4689-40C8-AC80-152403A0F42F}.Release|Any CPU.ActiveCfg = Release|Any CPU
		{725E8361-4689-40C8-AC80-152403A0F42F}.Release|Any CPU.Build.0 = Release|Any CPU
	EndGlobalSection
	GlobalSection(SolutionProperties) = preSolution
		HideSolutionNode = FALSE
	EndGlobalSection
	GlobalSection(ExtensibilityGlobals) = postSolution
		SolutionGuid = {4E034071-3D20-48D4-B7E0-29BD114CE130}
	EndGlobalSection
EndGlobal
